// !$*UTF8*$!
{
	archiveVersion = 1;
	classes = {
	};
	objectVersion = 55;
	objects = {

/* Begin PBXBuildFile section */
		2AB98CDF28A79CF800A9C07C /* MainView.swift in Sources */ = {isa = PBXBuildFile; fileRef = 2AB98CDE28A79CF800A9C07C /* MainView.swift */; };
		2AB98CE128A79D3E00A9C07C /* LoginView.swift in Sources */ = {isa = PBXBuildFile; fileRef = 2AB98CE028A79D3E00A9C07C /* LoginView.swift */; };
		2AB98CE728A7A41600A9C07C /* MyPageVC.swift in Sources */ = {isa = PBXBuildFile; fileRef = 2AB98CE628A7A41600A9C07C /* MyPageVC.swift */; };
		2AB98CE928A7A80000A9C07C /* MainVC.swift in Sources */ = {isa = PBXBuildFile; fileRef = 2AB98CE828A7A80000A9C07C /* MainVC.swift */; };
		2AB98CEB28A7A9C100A9C07C /* SignUpVC.swift in Sources */ = {isa = PBXBuildFile; fileRef = 2AB98CEA28A7A9C100A9C07C /* SignUpVC.swift */; };
		2AB98CED28A7DE6E00A9C07C /* extensionVC.swift in Sources */ = {isa = PBXBuildFile; fileRef = 2AB98CEC28A7DE6E00A9C07C /* extensionVC.swift */; };
		2AB98CF028A7DE8F00A9C07C /* extensionView.swift in Sources */ = {isa = PBXBuildFile; fileRef = 2AB98CEF28A7DE8F00A9C07C /* extensionView.swift */; };
		2AB98CF328AA2EFD00A9C07C /* LoginInfo.swift in Sources */ = {isa = PBXBuildFile; fileRef = 2AB98CF228AA2EFD00A9C07C /* LoginInfo.swift */; };
		2AB98CF528AA2F4D00A9C07C /* SignUpInfo.swift in Sources */ = {isa = PBXBuildFile; fileRef = 2AB98CF428AA2F4D00A9C07C /* SignUpInfo.swift */; };
		2AB98CF728AA31B400A9C07C /* QuestionInfo.swift in Sources */ = {isa = PBXBuildFile; fileRef = 2AB98CF628AA31B400A9C07C /* QuestionInfo.swift */; };
		2AB98CF928AA320B00A9C07C /* LoginSuccess.swift in Sources */ = {isa = PBXBuildFile; fileRef = 2AB98CF828AA320B00A9C07C /* LoginSuccess.swift */; };
		2AB98CFC28AA336200A9C07C /* RestAPI.swift in Sources */ = {isa = PBXBuildFile; fileRef = 2AB98CFB28AA336200A9C07C /* RestAPI.swift */; };
		2AB98CFE28AA33F500A9C07C /* SignUpSuccess.swift in Sources */ = {isa = PBXBuildFile; fileRef = 2AB98CFD28AA33F500A9C07C /* SignUpSuccess.swift */; };
		2AB98D0128ABC0D400A9C07C /* Lottie in Frameworks */ = {isa = PBXBuildFile; productRef = 2AB98D0028ABC0D400A9C07C /* Lottie */; };
		2AE7E8CF289A134200B46581 /* AppDelegate.swift in Sources */ = {isa = PBXBuildFile; fileRef = 2AE7E8CE289A134200B46581 /* AppDelegate.swift */; };
		2AE7E8D1289A134200B46581 /* SceneDelegate.swift in Sources */ = {isa = PBXBuildFile; fileRef = 2AE7E8D0289A134200B46581 /* SceneDelegate.swift */; };
		2AE7E8D3289A134200B46581 /* ViewController.swift in Sources */ = {isa = PBXBuildFile; fileRef = 2AE7E8D2289A134200B46581 /* ViewController.swift */; };
		2AE7E8D6289A134200B46581 /* Main.storyboard in Resources */ = {isa = PBXBuildFile; fileRef = 2AE7E8D4289A134200B46581 /* Main.storyboard */; };
		2AE7E8D8289A134400B46581 /* Assets.xcassets in Resources */ = {isa = PBXBuildFile; fileRef = 2AE7E8D7289A134400B46581 /* Assets.xcassets */; };
		2AE7E8DB289A134400B46581 /* LaunchScreen.storyboard in Resources */ = {isa = PBXBuildFile; fileRef = 2AE7E8D9289A134400B46581 /* LaunchScreen.storyboard */; };
/* End PBXBuildFile section */

/* Begin PBXFileReference section */
		2AB98CDE28A79CF800A9C07C /* MainView.swift */ = {isa = PBXFileReference; lastKnownFileType = sourcecode.swift; path = MainView.swift; sourceTree = "<group>"; };
		2AB98CE028A79D3E00A9C07C /* LoginView.swift */ = {isa = PBXFileReference; lastKnownFileType = sourcecode.swift; path = LoginView.swift; sourceTree = "<group>"; };
		2AB98CE628A7A41600A9C07C /* MyPageVC.swift */ = {isa = PBXFileReference; lastKnownFileType = sourcecode.swift; path = MyPageVC.swift; sourceTree = "<group>"; };
		2AB98CE828A7A80000A9C07C /* MainVC.swift */ = {isa = PBXFileReference; lastKnownFileType = sourcecode.swift; path = MainVC.swift; sourceTree = "<group>"; };
		2AB98CEA28A7A9C100A9C07C /* SignUpVC.swift */ = {isa = PBXFileReference; lastKnownFileType = sourcecode.swift; path = SignUpVC.swift; sourceTree = "<group>"; };
		2AB98CEC28A7DE6E00A9C07C /* extensionVC.swift */ = {isa = PBXFileReference; lastKnownFileType = sourcecode.swift; path = extensionVC.swift; sourceTree = "<group>"; };
		2AB98CEF28A7DE8F00A9C07C /* extensionView.swift */ = {isa = PBXFileReference; lastKnownFileType = sourcecode.swift; path = extensionView.swift; sourceTree = "<group>"; };
		2AB98CF228AA2EFD00A9C07C /* LoginInfo.swift */ = {isa = PBXFileReference; lastKnownFileType = sourcecode.swift; path = LoginInfo.swift; sourceTree = "<group>"; };
		2AB98CF428AA2F4D00A9C07C /* SignUpInfo.swift */ = {isa = PBXFileReference; lastKnownFileType = sourcecode.swift; path = SignUpInfo.swift; sourceTree = "<group>"; };
		2AB98CF628AA31B400A9C07C /* QuestionInfo.swift */ = {isa = PBXFileReference; lastKnownFileType = sourcecode.swift; path = QuestionInfo.swift; sourceTree = "<group>"; };
		2AB98CF828AA320B00A9C07C /* LoginSuccess.swift */ = {isa = PBXFileReference; lastKnownFileType = sourcecode.swift; path = LoginSuccess.swift; sourceTree = "<group>"; };
		2AB98CFB28AA336200A9C07C /* RestAPI.swift */ = {isa = PBXFileReference; lastKnownFileType = sourcecode.swift; path = RestAPI.swift; sourceTree = "<group>"; };
		2AB98CFD28AA33F500A9C07C /* SignUpSuccess.swift */ = {isa = PBXFileReference; lastKnownFileType = sourcecode.swift; path = SignUpSuccess.swift; sourceTree = "<group>"; };
		2AE7E8CB289A134200B46581 /* HelpCS.app */ = {isa = PBXFileReference; explicitFileType = wrapper.application; includeInIndex = 0; path = HelpCS.app; sourceTree = BUILT_PRODUCTS_DIR; };
		2AE7E8CE289A134200B46581 /* AppDelegate.swift */ = {isa = PBXFileReference; lastKnownFileType = sourcecode.swift; path = AppDelegate.swift; sourceTree = "<group>"; };
		2AE7E8D0289A134200B46581 /* SceneDelegate.swift */ = {isa = PBXFileReference; lastKnownFileType = sourcecode.swift; path = SceneDelegate.swift; sourceTree = "<group>"; };
		2AE7E8D2289A134200B46581 /* ViewController.swift */ = {isa = PBXFileReference; lastKnownFileType = sourcecode.swift; path = ViewController.swift; sourceTree = "<group>"; };
		2AE7E8D5289A134200B46581 /* Base */ = {isa = PBXFileReference; lastKnownFileType = file.storyboard; name = Base; path = Base.lproj/Main.storyboard; sourceTree = "<group>"; };
		2AE7E8D7289A134400B46581 /* Assets.xcassets */ = {isa = PBXFileReference; lastKnownFileType = folder.assetcatalog; path = Assets.xcassets; sourceTree = "<group>"; };
		2AE7E8DA289A134400B46581 /* Base */ = {isa = PBXFileReference; lastKnownFileType = file.storyboard; name = Base; path = Base.lproj/LaunchScreen.storyboard; sourceTree = "<group>"; };
		2AE7E8DC289A134400B46581 /* Info.plist */ = {isa = PBXFileReference; lastKnownFileType = text.plist.xml; path = Info.plist; sourceTree = "<group>"; };
/* End PBXFileReference section */

/* Begin PBXFrameworksBuildPhase section */
		2AE7E8C8289A134200B46581 /* Frameworks */ = {
			isa = PBXFrameworksBuildPhase;
			buildActionMask = 2147483647;
			files = (
				2AB98D0128ABC0D400A9C07C /* Lottie in Frameworks */,
			);
			runOnlyForDeploymentPostprocessing = 0;
		};
/* End PBXFrameworksBuildPhase section */

/* Begin PBXGroup section */
		2AB98CCF28A7909C00A9C07C /* ViewController */ = {
			isa = PBXGroup;
			children = (
				2AE7E8D2289A134200B46581 /* ViewController.swift */,
				2AB98CEA28A7A9C100A9C07C /* SignUpVC.swift */,
				2AB98CE828A7A80000A9C07C /* MainVC.swift */,
				2AB98CE628A7A41600A9C07C /* MyPageVC.swift */,
			);
			path = ViewController;
			sourceTree = "<group>";
		};
		2AB98CDD28A79CDC00A9C07C /* View */ = {
			isa = PBXGroup;
			children = (
				2AB98CE028A79D3E00A9C07C /* LoginView.swift */,
				2AB98CDE28A79CF800A9C07C /* MainView.swift */,
			);
			path = View;
			sourceTree = "<group>";
		};
		2AB98CEE28A7DE7A00A9C07C /* extensionFile */ = {
			isa = PBXGroup;
			children = (
				2AB98CEC28A7DE6E00A9C07C /* extensionVC.swift */,
				2AB98CEF28A7DE8F00A9C07C /* extensionView.swift */,
			);
			path = extensionFile;
			sourceTree = "<group>";
		};
		2AB98CF128AA2EE900A9C07C /* DTO */ = {
			isa = PBXGroup;
			children = (
				2AB98CF228AA2EFD00A9C07C /* LoginInfo.swift */,
				2AB98CF428AA2F4D00A9C07C /* SignUpInfo.swift */,
				2AB98CF828AA320B00A9C07C /* LoginSuccess.swift */,
				2AB98CFD28AA33F500A9C07C /* SignUpSuccess.swift */,
				2AB98CF628AA31B400A9C07C /* QuestionInfo.swift */,
			);
			path = DTO;
			sourceTree = "<group>";
		};
		2AB98CFA28AA335700A9C07C /* API */ = {
			isa = PBXGroup;
			children = (
				2AB98CFB28AA336200A9C07C /* RestAPI.swift */,
			);
			path = API;
			sourceTree = "<group>";
		};
		2AB98D0228ABCCA000A9C07C /* Animation */ = {
			isa = PBXGroup;
			children = (
			);
			path = Animation;
			sourceTree = "<group>";
		};
		2AE7E8C2289A134200B46581 = {
			isa = PBXGroup;
			children = (
				2AE7E8CD289A134200B46581 /* HelpCS */,
				2AE7E8CC289A134200B46581 /* Products */,
			);
			sourceTree = "<group>";
		};
		2AE7E8CC289A134200B46581 /* Products */ = {
			isa = PBXGroup;
			children = (
				2AE7E8CB289A134200B46581 /* HelpCS.app */,
			);
			name = Products;
			sourceTree = "<group>";
		};
		2AE7E8CD289A134200B46581 /* HelpCS */ = {
			isa = PBXGroup;
			children = (
				2AB98D0228ABCCA000A9C07C /* Animation */,
				2AB98CFA28AA335700A9C07C /* API */,
				2AB98CF128AA2EE900A9C07C /* DTO */,
				2AB98CEE28A7DE7A00A9C07C /* extensionFile */,
				2AB98CDD28A79CDC00A9C07C /* View */,
				2AB98CCF28A7909C00A9C07C /* ViewController */,
				2AE7E8CE289A134200B46581 /* AppDelegate.swift */,
				2AE7E8D0289A134200B46581 /* SceneDelegate.swift */,
				2AE7E8D4289A134200B46581 /* Main.storyboard */,
				2AE7E8D7289A134400B46581 /* Assets.xcassets */,
				2AE7E8D9289A134400B46581 /* LaunchScreen.storyboard */,
				2AE7E8DC289A134400B46581 /* Info.plist */,
			);
			path = HelpCS;
			sourceTree = "<group>";
		};
/* End PBXGroup section */

/* Begin PBXNativeTarget section */
		2AE7E8CA289A134200B46581 /* HelpCS */ = {
			isa = PBXNativeTarget;
			buildConfigurationList = 2AE7E8DF289A134400B46581 /* Build configuration list for PBXNativeTarget "HelpCS" */;
			buildPhases = (
				2AE7E8C7289A134200B46581 /* Sources */,
				2AE7E8C8289A134200B46581 /* Frameworks */,
				2AE7E8C9289A134200B46581 /* Resources */,
			);
			buildRules = (
			);
			dependencies = (
			);
			name = HelpCS;
			packageProductDependencies = (
				2AB98D0028ABC0D400A9C07C /* Lottie */,
			);
			productName = HelpCS;
			productReference = 2AE7E8CB289A134200B46581 /* HelpCS.app */;
			productType = "com.apple.product-type.application";
		};
/* End PBXNativeTarget section */

/* Begin PBXProject section */
		2AE7E8C3289A134200B46581 /* Project object */ = {
			isa = PBXProject;
			attributes = {
				BuildIndependentTargetsInParallel = 1;
				LastSwiftUpdateCheck = 1330;
				LastUpgradeCheck = 1330;
				TargetAttributes = {
					2AE7E8CA289A134200B46581 = {
						CreatedOnToolsVersion = 13.3;
					};
				};
			};
			buildConfigurationList = 2AE7E8C6289A134200B46581 /* Build configuration list for PBXProject "HelpCS" */;
			compatibilityVersion = "Xcode 13.0";
			developmentRegion = en;
			hasScannedForEncodings = 0;
			knownRegions = (
				en,
				Base,
			);
			mainGroup = 2AE7E8C2289A134200B46581;
			packageReferences = (
				2AB98CFF28ABC0D400A9C07C /* XCRemoteSwiftPackageReference "lottie-ios" */,
			);
			productRefGroup = 2AE7E8CC289A134200B46581 /* Products */;
			projectDirPath = "";
			projectRoot = "";
			targets = (
				2AE7E8CA289A134200B46581 /* HelpCS */,
			);
		};
/* End PBXProject section */

/* Begin PBXResourcesBuildPhase section */
		2AE7E8C9289A134200B46581 /* Resources */ = {
			isa = PBXResourcesBuildPhase;
			buildActionMask = 2147483647;
			files = (
				2AE7E8DB289A134400B46581 /* LaunchScreen.storyboard in Resources */,
				2AE7E8D8289A134400B46581 /* Assets.xcassets in Resources */,
				2AE7E8D6289A134200B46581 /* Main.storyboard in Resources */,
			);
			runOnlyForDeploymentPostprocessing = 0;
		};
/* End PBXResourcesBuildPhase section */

/* Begin PBXSourcesBuildPhase section */
		2AE7E8C7289A134200B46581 /* Sources */ = {
			isa = PBXSourcesBuildPhase;
			buildActionMask = 2147483647;
			files = (
				2AB98CFC28AA336200A9C07C /* RestAPI.swift in Sources */,
				2AB98CF028A7DE8F00A9C07C /* extensionView.swift in Sources */,
				2AB98CDF28A79CF800A9C07C /* MainView.swift in Sources */,
				2AB98CE928A7A80000A9C07C /* MainVC.swift in Sources */,
				2AB98CF328AA2EFD00A9C07C /* LoginInfo.swift in Sources */,
				2AB98CF528AA2F4D00A9C07C /* SignUpInfo.swift in Sources */,
				2AB98CED28A7DE6E00A9C07C /* extensionVC.swift in Sources */,
				2AB98CF928AA320B00A9C07C /* LoginSuccess.swift in Sources */,
				2AB98CE128A79D3E00A9C07C /* LoginView.swift in Sources */,
				2AB98CF728AA31B400A9C07C /* QuestionInfo.swift in Sources */,
				2AB98CEB28A7A9C100A9C07C /* SignUpVC.swift in Sources */,
				2AE7E8D3289A134200B46581 /* ViewController.swift in Sources */,
				2AB98CE728A7A41600A9C07C /* MyPageVC.swift in Sources */,
				2AE7E8CF289A134200B46581 /* AppDelegate.swift in Sources */,
				2AB98CFE28AA33F500A9C07C /* SignUpSuccess.swift in Sources */,
				2AE7E8D1289A134200B46581 /* SceneDelegate.swift in Sources */,
			);
			runOnlyForDeploymentPostprocessing = 0;
		};
/* End PBXSourcesBuildPhase section */

/* Begin PBXVariantGroup section */
		2AE7E8D4289A134200B46581 /* Main.storyboard */ = {
			isa = PBXVariantGroup;
			children = (
				2AE7E8D5289A134200B46581 /* Base */,
			);
			name = Main.storyboard;
			sourceTree = "<group>";
		};
		2AE7E8D9289A134400B46581 /* LaunchScreen.storyboard */ = {
			isa = PBXVariantGroup;
			children = (
				2AE7E8DA289A134400B46581 /* Base */,
			);
			name = LaunchScreen.storyboard;
			sourceTree = "<group>";
		};
/* End PBXVariantGroup section */

/* Begin XCBuildConfiguration section */
		2AE7E8DD289A134400B46581 /* Debug */ = {
			isa = XCBuildConfiguration;
			buildSettings = {
				ALWAYS_SEARCH_USER_PATHS = NO;
				CLANG_ANALYZER_NONNULL = YES;
				CLANG_ANALYZER_NUMBER_OBJECT_CONVERSION = YES_AGGRESSIVE;
				CLANG_CXX_LANGUAGE_STANDARD = "gnu++17";
				CLANG_ENABLE_MODULES = YES;
				CLANG_ENABLE_OBJC_ARC = YES;
				CLANG_ENABLE_OBJC_WEAK = YES;
				CLANG_WARN_BLOCK_CAPTURE_AUTORELEASING = YES;
				CLANG_WARN_BOOL_CONVERSION = YES;
				CLANG_WARN_COMMA = YES;
				CLANG_WARN_CONSTANT_CONVERSION = YES;
				CLANG_WARN_DEPRECATED_OBJC_IMPLEMENTATIONS = YES;
				CLANG_WARN_DIRECT_OBJC_ISA_USAGE = YES_ERROR;
				CLANG_WARN_DOCUMENTATION_COMMENTS = YES;
				CLANG_WARN_EMPTY_BODY = YES;
				CLANG_WARN_ENUM_CONVERSION = YES;
				CLANG_WARN_INFINITE_RECURSION = YES;
				CLANG_WARN_INT_CONVERSION = YES;
				CLANG_WARN_NON_LITERAL_NULL_CONVERSION = YES;
				CLANG_WARN_OBJC_IMPLICIT_RETAIN_SELF = YES;
				CLANG_WARN_OBJC_LITERAL_CONVERSION = YES;
				CLANG_WARN_OBJC_ROOT_CLASS = YES_ERROR;
				CLANG_WARN_QUOTED_INCLUDE_IN_FRAMEWORK_HEADER = YES;
				CLANG_WARN_RANGE_LOOP_ANALYSIS = YES;
				CLANG_WARN_STRICT_PROTOTYPES = YES;
				CLANG_WARN_SUSPICIOUS_MOVE = YES;
				CLANG_WARN_UNGUARDED_AVAILABILITY = YES_AGGRESSIVE;
				CLANG_WARN_UNREACHABLE_CODE = YES;
				CLANG_WARN__DUPLICATE_METHOD_MATCH = YES;
				COPY_PHASE_STRIP = NO;
				DEBUG_INFORMATION_FORMAT = dwarf;
				ENABLE_STRICT_OBJC_MSGSEND = YES;
				ENABLE_TESTABILITY = YES;
				GCC_C_LANGUAGE_STANDARD = gnu11;
				GCC_DYNAMIC_NO_PIC = NO;
				GCC_NO_COMMON_BLOCKS = YES;
				GCC_OPTIMIZATION_LEVEL = 0;
				GCC_PREPROCESSOR_DEFINITIONS = (
					"DEBUG=1",
					"$(inherited)",
				);
				GCC_WARN_64_TO_32_BIT_CONVERSION = YES;
				GCC_WARN_ABOUT_RETURN_TYPE = YES_ERROR;
				GCC_WARN_UNDECLARED_SELECTOR = YES;
				GCC_WARN_UNINITIALIZED_AUTOS = YES_AGGRESSIVE;
				GCC_WARN_UNUSED_FUNCTION = YES;
				GCC_WARN_UNUSED_VARIABLE = YES;
				IPHONEOS_DEPLOYMENT_TARGET = 15.4;
				MTL_ENABLE_DEBUG_INFO = INCLUDE_SOURCE;
				MTL_FAST_MATH = YES;
				ONLY_ACTIVE_ARCH = YES;
				SDKROOT = iphoneos;
				SWIFT_ACTIVE_COMPILATION_CONDITIONS = DEBUG;
				SWIFT_OPTIMIZATION_LEVEL = "-Onone";
			};
			name = Debug;
		};
		2AE7E8DE289A134400B46581 /* Release */ = {
			isa = XCBuildConfiguration;
			buildSettings = {
				ALWAYS_SEARCH_USER_PATHS = NO;
				CLANG_ANALYZER_NONNULL = YES;
				CLANG_ANALYZER_NUMBER_OBJECT_CONVERSION = YES_AGGRESSIVE;
				CLANG_CXX_LANGUAGE_STANDARD = "gnu++17";
				CLANG_ENABLE_MODULES = YES;
				CLANG_ENABLE_OBJC_ARC = YES;
				CLANG_ENABLE_OBJC_WEAK = YES;
				CLANG_WARN_BLOCK_CAPTURE_AUTORELEASING = YES;
				CLANG_WARN_BOOL_CONVERSION = YES;
				CLANG_WARN_COMMA = YES;
				CLANG_WARN_CONSTANT_CONVERSION = YES;
				CLANG_WARN_DEPRECATED_OBJC_IMPLEMENTATIONS = YES;
				CLANG_WARN_DIRECT_OBJC_ISA_USAGE = YES_ERROR;
				CLANG_WARN_DOCUMENTATION_COMMENTS = YES;
				CLANG_WARN_EMPTY_BODY = YES;
				CLANG_WARN_ENUM_CONVERSION = YES;
				CLANG_WARN_INFINITE_RECURSION = YES;
				CLANG_WARN_INT_CONVERSION = YES;
				CLANG_WARN_NON_LITERAL_NULL_CONVERSION = YES;
				CLANG_WARN_OBJC_IMPLICIT_RETAIN_SELF = YES;
				CLANG_WARN_OBJC_LITERAL_CONVERSION = YES;
				CLANG_WARN_OBJC_ROOT_CLASS = YES_ERROR;
				CLANG_WARN_QUOTED_INCLUDE_IN_FRAMEWORK_HEADER = YES;
				CLANG_WARN_RANGE_LOOP_ANALYSIS = YES;
				CLANG_WARN_STRICT_PROTOTYPES = YES;
				CLANG_WARN_SUSPICIOUS_MOVE = YES;
				CLANG_WARN_UNGUARDED_AVAILABILITY = YES_AGGRESSIVE;
				CLANG_WARN_UNREACHABLE_CODE = YES;
				CLANG_WARN__DUPLICATE_METHOD_MATCH = YES;
				COPY_PHASE_STRIP = NO;
				DEBUG_INFORMATION_FORMAT = "dwarf-with-dsym";
				ENABLE_NS_ASSERTIONS = NO;
				ENABLE_STRICT_OBJC_MSGSEND = YES;
				GCC_C_LANGUAGE_STANDARD = gnu11;
				GCC_NO_COMMON_BLOCKS = YES;
				GCC_WARN_64_TO_32_BIT_CONVERSION = YES;
				GCC_WARN_ABOUT_RETURN_TYPE = YES_ERROR;
				GCC_WARN_UNDECLARED_SELECTOR = YES;
				GCC_WARN_UNINITIALIZED_AUTOS = YES_AGGRESSIVE;
				GCC_WARN_UNUSED_FUNCTION = YES;
				GCC_WARN_UNUSED_VARIABLE = YES;
				IPHONEOS_DEPLOYMENT_TARGET = 15.4;
				MTL_ENABLE_DEBUG_INFO = NO;
				MTL_FAST_MATH = YES;
				SDKROOT = iphoneos;
				SWIFT_COMPILATION_MODE = wholemodule;
				SWIFT_OPTIMIZATION_LEVEL = "-O";
				VALIDATE_PRODUCT = YES;
			};
			name = Release;
		};
		2AE7E8E0289A134400B46581 /* Debug */ = {
			isa = XCBuildConfiguration;
			buildSettings = {
				ASSETCATALOG_COMPILER_APPICON_NAME = AppIcon;
				ASSETCATALOG_COMPILER_GLOBAL_ACCENT_COLOR_NAME = AccentColor;
				CODE_SIGN_STYLE = Automatic;
				CURRENT_PROJECT_VERSION = 1;
				DEVELOPMENT_TEAM = JVBAL8CV7V;
				GENERATE_INFOPLIST_FILE = YES;
				INFOPLIST_FILE = HelpCS/Info.plist;
				INFOPLIST_KEY_UIApplicationSupportsIndirectInputEvents = YES;
				INFOPLIST_KEY_UILaunchStoryboardName = LaunchScreen;
				INFOPLIST_KEY_UIMainStoryboardFile = Main;
				INFOPLIST_KEY_UISupportedInterfaceOrientations_iPad = "UIInterfaceOrientationPortrait UIInterfaceOrientationPortraitUpsideDown UIInterfaceOrientationLandscapeLeft UIInterfaceOrientationLandscapeRight";
				INFOPLIST_KEY_UISupportedInterfaceOrientations_iPhone = "UIInterfaceOrientationPortrait UIInterfaceOrientationLandscapeLeft UIInterfaceOrientationLandscapeRight";
				LD_RUNPATH_SEARCH_PATHS = (
					"$(inherited)",
					"@executable_path/Frameworks",
				);
				MARKETING_VERSION = 1.0;
				PRODUCT_BUNDLE_IDENTIFIER = com.hanni.HelpCS;
				PRODUCT_NAME = "$(TARGET_NAME)";
				SWIFT_EMIT_LOC_STRINGS = YES;
				SWIFT_VERSION = 5.0;
				TARGETED_DEVICE_FAMILY = 1;
			};
			name = Debug;
		};
		2AE7E8E1289A134400B46581 /* Release */ = {
			isa = XCBuildConfiguration;
			buildSettings = {
				ASSETCATALOG_COMPILER_APPICON_NAME = AppIcon;
				ASSETCATALOG_COMPILER_GLOBAL_ACCENT_COLOR_NAME = AccentColor;
				CODE_SIGN_STYLE = Automatic;
				CURRENT_PROJECT_VERSION = 1;
				DEVELOPMENT_TEAM = JVBAL8CV7V;
				GENERATE_INFOPLIST_FILE = YES;
				INFOPLIST_FILE = HelpCS/Info.plist;
				INFOPLIST_KEY_UIApplicationSupportsIndirectInputEvents = YES;
				INFOPLIST_KEY_UILaunchStoryboardName = LaunchScreen;
				INFOPLIST_KEY_UIMainStoryboardFile = Main;
				INFOPLIST_KEY_UISupportedInterfaceOrientations_iPad = "UIInterfaceOrientationPortrait UIInterfaceOrientationPortraitUpsideDown UIInterfaceOrientationLandscapeLeft UIInterfaceOrientationLandscapeRight";
				INFOPLIST_KEY_UISupportedInterfaceOrientations_iPhone = "UIInterfaceOrientationPortrait UIInterfaceOrientationLandscapeLeft UIInterfaceOrientationLandscapeRight";
				LD_RUNPATH_SEARCH_PATHS = (
					"$(inherited)",
					"@executable_path/Frameworks",
				);
				MARKETING_VERSION = 1.0;
				PRODUCT_BUNDLE_IDENTIFIER = com.hanni.HelpCS;
				PRODUCT_NAME = "$(TARGET_NAME)";
				SWIFT_EMIT_LOC_STRINGS = YES;
				SWIFT_VERSION = 5.0;
				TARGETED_DEVICE_FAMILY = 1;
			};
			name = Release;
		};
/* End XCBuildConfiguration section */

/* Begin XCConfigurationList section */
		2AE7E8C6289A134200B46581 /* Build configuration list for PBXProject "HelpCS" */ = {
			isa = XCConfigurationList;
			buildConfigurations = (
				2AE7E8DD289A134400B46581 /* Debug */,
				2AE7E8DE289A134400B46581 /* Release */,
			);
			defaultConfigurationIsVisible = 0;
			defaultConfigurationName = Release;
		};
		2AE7E8DF289A134400B46581 /* Build configuration list for PBXNativeTarget "HelpCS" */ = {
			isa = XCConfigurationList;
			buildConfigurations = (
				2AE7E8E0289A134400B46581 /* Debug */,
				2AE7E8E1289A134400B46581 /* Release */,
			);
			defaultConfigurationIsVisible = 0;
			defaultConfigurationName = Release;
		};
/* End XCConfigurationList section */

/* Begin XCRemoteSwiftPackageReference section */
		2AB98CFF28ABC0D400A9C07C /* XCRemoteSwiftPackageReference "lottie-ios" */ = {
			isa = XCRemoteSwiftPackageReference;
			repositoryURL = "https://github.com/airbnb/lottie-ios.git";
			requirement = {
				kind = upToNextMajorVersion;
				minimumVersion = 3.0.0;
			};
		};
/* End XCRemoteSwiftPackageReference section */

/* Begin XCSwiftPackageProductDependency section */
		2AB98D0028ABC0D400A9C07C /* Lottie */ = {
			isa = XCSwiftPackageProductDependency;
			package = 2AB98CFF28ABC0D400A9C07C /* XCRemoteSwiftPackageReference "lottie-ios" */;
			productName = Lottie;
		};
/* End XCSwiftPackageProductDependency section */
	};
	rootObject = 2AE7E8C3289A134200B46581 /* Project object */;
}
